// !$*UTF8*$!
{
	archiveVersion = 1;
	classes = {
	};
	objectVersion = 46;
	objects = {

/* Begin PBXBuildFile section */
		1093BD6BB359E5D2FE1F5517 /* Pods_Shows_JMSImageCliped.framework in Frameworks */ = {isa = PBXBuildFile; fileRef = 3B8DFD09EE4D8B7EE0214F45 /* Pods_Shows_JMSImageCliped.framework */; };
		1A313BFA1F2888170083C26B /* AppDelegate.swift in Sources */ = {isa = PBXBuildFile; fileRef = 1A313BF91F2888170083C26B /* AppDelegate.swift */; };
		1A313BFC1F2888170083C26B /* ViewController.swift in Sources */ = {isa = PBXBuildFile; fileRef = 1A313BFB1F2888170083C26B /* ViewController.swift */; };
		1A313BFF1F2888170083C26B /* Main.storyboard in Resources */ = {isa = PBXBuildFile; fileRef = 1A313BFD1F2888170083C26B /* Main.storyboard */; };
		1A313C011F2888170083C26B /* Assets.xcassets in Resources */ = {isa = PBXBuildFile; fileRef = 1A313C001F2888170083C26B /* Assets.xcassets */; };
		1A313C041F2888170083C26B /* LaunchScreen.storyboard in Resources */ = {isa = PBXBuildFile; fileRef = 1A313C021F2888170083C26B /* LaunchScreen.storyboard */; };
		1A313C0F1F2888170083C26B /* JMSImageClipedTests.swift in Sources */ = {isa = PBXBuildFile; fileRef = 1A313C0E1F2888170083C26B /* JMSImageClipedTests.swift */; };
		1A313C1A1F2888170083C26B /* JMSImageClipedUITests.swift in Sources */ = {isa = PBXBuildFile; fileRef = 1A313C191F2888170083C26B /* JMSImageClipedUITests.swift */; };
		1A313C351F2888360083C26B /* UIButton+JMSImageCliped.swift in Sources */ = {isa = PBXBuildFile; fileRef = 1A313C2C1F2888360083C26B /* UIButton+JMSImageCliped.swift */; };
		1A313C361F2888360083C26B /* UIImage+JMSImageCliped.swift in Sources */ = {isa = PBXBuildFile; fileRef = 1A313C2D1F2888360083C26B /* UIImage+JMSImageCliped.swift */; };
		1A313C371F2888360083C26B /* JMSClipedImageView.swift in Sources */ = {isa = PBXBuildFile; fileRef = 1A313C2E1F2888360083C26B /* JMSClipedImageView.swift */; };
		1A313C381F2888360083C26B /* UIView+JMSImageCliped.swift in Sources */ = {isa = PBXBuildFile; fileRef = 1A313C2F1F2888360083C26B /* UIView+JMSImageCliped.swift */; };
		4DC144E60D88E79A07E03C25 /* Pods_Shows_JMSImageClipedTests.framework in Frameworks */ = {isa = PBXBuildFile; fileRef = B48C6935CE4907C535FEC8B6 /* Pods_Shows_JMSImageClipedTests.framework */; };
		BB453FDFDC4E48C45BD29F53 /* Pods_Shows_JMSImageClipedUITests.framework in Frameworks */ = {isa = PBXBuildFile; fileRef = 3FB3B98AA8DAE894B6AC3155 /* Pods_Shows_JMSImageClipedUITests.framework */; };
/* End PBXBuildFile section */

/* Begin PBXContainerItemProxy section */
		1A313C0B1F2888170083C26B /* PBXContainerItemProxy */ = {
			isa = PBXContainerItemProxy;
			containerPortal = 1A313BEE1F2888170083C26B /* Project object */;
			proxyType = 1;
			remoteGlobalIDString = 1A313BF51F2888170083C26B;
			remoteInfo = JMSImageCliped;
		};
		1A313C161F2888170083C26B /* PBXContainerItemProxy */ = {
			isa = PBXContainerItemProxy;
			containerPortal = 1A313BEE1F2888170083C26B /* Project object */;
			proxyType = 1;
			remoteGlobalIDString = 1A313BF51F2888170083C26B;
			remoteInfo = JMSImageCliped;
		};
/* End PBXContainerItemProxy section */

/* Begin PBXFileReference section */
		12649126E961062B7C5358FD /* Pods-Shows-JMSImageClipedUITests.debug.xcconfig */ = {isa = PBXFileReference; includeInIndex = 1; lastKnownFileType = text.xcconfig; name = "Pods-Shows-JMSImageClipedUITests.debug.xcconfig"; path = "Pods/Target Support Files/Pods-Shows-JMSImageClipedUITests/Pods-Shows-JMSImageClipedUITests.debug.xcconfig"; sourceTree = "<group>"; };
		144598462C4584B9E038C075 /* Pods-Shows-JMSImageCliped.debug.xcconfig */ = {isa = PBXFileReference; includeInIndex = 1; lastKnownFileType = text.xcconfig; name = "Pods-Shows-JMSImageCliped.debug.xcconfig"; path = "Pods/Target Support Files/Pods-Shows-JMSImageCliped/Pods-Shows-JMSImageCliped.debug.xcconfig"; sourceTree = "<group>"; };
		1A313BF61F2888170083C26B /* JMSImageCliped.app */ = {isa = PBXFileReference; explicitFileType = wrapper.application; includeInIndex = 0; path = JMSImageCliped.app; sourceTree = BUILT_PRODUCTS_DIR; };
		1A313BF91F2888170083C26B /* AppDelegate.swift */ = {isa = PBXFileReference; lastKnownFileType = sourcecode.swift; path = AppDelegate.swift; sourceTree = "<group>"; };
		1A313BFB1F2888170083C26B /* ViewController.swift */ = {isa = PBXFileReference; lastKnownFileType = sourcecode.swift; path = ViewController.swift; sourceTree = "<group>"; };
		1A313BFE1F2888170083C26B /* Base */ = {isa = PBXFileReference; lastKnownFileType = file.storyboard; name = Base; path = Base.lproj/Main.storyboard; sourceTree = "<group>"; };
		1A313C001F2888170083C26B /* Assets.xcassets */ = {isa = PBXFileReference; lastKnownFileType = folder.assetcatalog; path = Assets.xcassets; sourceTree = "<group>"; };
		1A313C031F2888170083C26B /* Base */ = {isa = PBXFileReference; lastKnownFileType = file.storyboard; name = Base; path = Base.lproj/LaunchScreen.storyboard; sourceTree = "<group>"; };
		1A313C051F2888170083C26B /* Info.plist */ = {isa = PBXFileReference; lastKnownFileType = text.plist.xml; path = Info.plist; sourceTree = "<group>"; };
		1A313C0A1F2888170083C26B /* JMSImageClipedTests.xctest */ = {isa = PBXFileReference; explicitFileType = wrapper.cfbundle; includeInIndex = 0; path = JMSImageClipedTests.xctest; sourceTree = BUILT_PRODUCTS_DIR; };
		1A313C0E1F2888170083C26B /* JMSImageClipedTests.swift */ = {isa = PBXFileReference; lastKnownFileType = sourcecode.swift; path = JMSImageClipedTests.swift; sourceTree = "<group>"; };
		1A313C101F2888170083C26B /* Info.plist */ = {isa = PBXFileReference; lastKnownFileType = text.plist.xml; path = Info.plist; sourceTree = "<group>"; };
		1A313C151F2888170083C26B /* JMSImageClipedUITests.xctest */ = {isa = PBXFileReference; explicitFileType = wrapper.cfbundle; includeInIndex = 0; path = JMSImageClipedUITests.xctest; sourceTree = BUILT_PRODUCTS_DIR; };
		1A313C191F2888170083C26B /* JMSImageClipedUITests.swift */ = {isa = PBXFileReference; lastKnownFileType = sourcecode.swift; path = JMSImageClipedUITests.swift; sourceTree = "<group>"; };
		1A313C1B1F2888170083C26B /* Info.plist */ = {isa = PBXFileReference; lastKnownFileType = text.plist.xml; path = Info.plist; sourceTree = "<group>"; };
		1A313C2C1F2888360083C26B /* UIButton+JMSImageCliped.swift */ = {isa = PBXFileReference; fileEncoding = 4; lastKnownFileType = sourcecode.swift; path = "UIButton+JMSImageCliped.swift"; sourceTree = "<group>"; };
		1A313C2D1F2888360083C26B /* UIImage+JMSImageCliped.swift */ = {isa = PBXFileReference; fileEncoding = 4; lastKnownFileType = sourcecode.swift; path = "UIImage+JMSImageCliped.swift"; sourceTree = "<group>"; };
		1A313C2E1F2888360083C26B /* JMSClipedImageView.swift */ = {isa = PBXFileReference; fileEncoding = 4; lastKnownFileType = sourcecode.swift; path = JMSClipedImageView.swift; sourceTree = "<group>"; };
		1A313C2F1F2888360083C26B /* UIView+JMSImageCliped.swift */ = {isa = PBXFileReference; fileEncoding = 4; lastKnownFileType = sourcecode.swift; path = "UIView+JMSImageCliped.swift"; sourceTree = "<group>"; };
		37D9ADDEECE2264E2C14715D /* Pods-Shows-JMSImageClipedTests.debug.xcconfig */ = {isa = PBXFileReference; includeInIndex = 1; lastKnownFileType = text.xcconfig; name = "Pods-Shows-JMSImageClipedTests.debug.xcconfig"; path = "Pods/Target Support Files/Pods-Shows-JMSImageClipedTests/Pods-Shows-JMSImageClipedTests.debug.xcconfig"; sourceTree = "<group>"; };
		3B8DFD09EE4D8B7EE0214F45 /* Pods_Shows_JMSImageCliped.framework */ = {isa = PBXFileReference; explicitFileType = wrapper.framework; includeInIndex = 0; path = Pods_Shows_JMSImageCliped.framework; sourceTree = BUILT_PRODUCTS_DIR; };
		3FB3B98AA8DAE894B6AC3155 /* Pods_Shows_JMSImageClipedUITests.framework */ = {isa = PBXFileReference; explicitFileType = wrapper.framework; includeInIndex = 0; path = Pods_Shows_JMSImageClipedUITests.framework; sourceTree = BUILT_PRODUCTS_DIR; };
		5B25BFC86B2EF1317009445C /* Pods-Shows-JMSImageClipedTests.release.xcconfig */ = {isa = PBXFileReference; includeInIndex = 1; lastKnownFileType = text.xcconfig; name = "Pods-Shows-JMSImageClipedTests.release.xcconfig"; path = "Pods/Target Support Files/Pods-Shows-JMSImageClipedTests/Pods-Shows-JMSImageClipedTests.release.xcconfig"; sourceTree = "<group>"; };
		5EEB7A1116B4834455EA95A4 /* Pods-Shows-JMSImageCliped.release.xcconfig */ = {isa = PBXFileReference; includeInIndex = 1; lastKnownFileType = text.xcconfig; name = "Pods-Shows-JMSImageCliped.release.xcconfig"; path = "Pods/Target Support Files/Pods-Shows-JMSImageCliped/Pods-Shows-JMSImageCliped.release.xcconfig"; sourceTree = "<group>"; };
		7C0E86AD17BBF50D941A802D /* Pods-Shows-JMSImageClipedUITests.release.xcconfig */ = {isa = PBXFileReference; includeInIndex = 1; lastKnownFileType = text.xcconfig; name = "Pods-Shows-JMSImageClipedUITests.release.xcconfig"; path = "Pods/Target Support Files/Pods-Shows-JMSImageClipedUITests/Pods-Shows-JMSImageClipedUITests.release.xcconfig"; sourceTree = "<group>"; };
		B48C6935CE4907C535FEC8B6 /* Pods_Shows_JMSImageClipedTests.framework */ = {isa = PBXFileReference; explicitFileType = wrapper.framework; includeInIndex = 0; path = Pods_Shows_JMSImageClipedTests.framework; sourceTree = BUILT_PRODUCTS_DIR; };
/* End PBXFileReference section */

/* Begin PBXFrameworksBuildPhase section */
		1A313BF31F2888170083C26B /* Frameworks */ = {
			isa = PBXFrameworksBuildPhase;
			buildActionMask = 2147483647;
			files = (
				1093BD6BB359E5D2FE1F5517 /* Pods_Shows_JMSImageCliped.framework in Frameworks */,
			);
			runOnlyForDeploymentPostprocessing = 0;
		};
		1A313C071F2888170083C26B /* Frameworks */ = {
			isa = PBXFrameworksBuildPhase;
			buildActionMask = 2147483647;
			files = (
				4DC144E60D88E79A07E03C25 /* Pods_Shows_JMSImageClipedTests.framework in Frameworks */,
			);
			runOnlyForDeploymentPostprocessing = 0;
		};
		1A313C121F2888170083C26B /* Frameworks */ = {
			isa = PBXFrameworksBuildPhase;
			buildActionMask = 2147483647;
			files = (
				BB453FDFDC4E48C45BD29F53 /* Pods_Shows_JMSImageClipedUITests.framework in Frameworks */,
			);
			runOnlyForDeploymentPostprocessing = 0;
		};
/* End PBXFrameworksBuildPhase section */

/* Begin PBXGroup section */
		1A313BED1F2888170083C26B = {
			isa = PBXGroup;
			children = (
				1A313BF81F2888170083C26B /* JMSImageCliped */,
				1A313C0D1F2888170083C26B /* JMSImageClipedTests */,
				1A313C181F2888170083C26B /* JMSImageClipedUITests */,
				1A313BF71F2888170083C26B /* Products */,
				B2A3B246D5EFA1A8F2BD7335 /* Pods */,
				399BEB7FE1B4A8FADDB16115 /* Frameworks */,
			);
			sourceTree = "<group>";
		};
		1A313BF71F2888170083C26B /* Products */ = {
			isa = PBXGroup;
			children = (
				1A313BF61F2888170083C26B /* JMSImageCliped.app */,
				1A313C0A1F2888170083C26B /* JMSImageClipedTests.xctest */,
				1A313C151F2888170083C26B /* JMSImageClipedUITests.xctest */,
			);
			name = Products;
			sourceTree = "<group>";
		};
		1A313BF81F2888170083C26B /* JMSImageCliped */ = {
			isa = PBXGroup;
			children = (
				1A313C271F2888360083C26B /* Lib */,
				1A313BF91F2888170083C26B /* AppDelegate.swift */,
				1A313BFB1F2888170083C26B /* ViewController.swift */,
				1A313BFD1F2888170083C26B /* Main.storyboard */,
				1A313C001F2888170083C26B /* Assets.xcassets */,
				1A313C021F2888170083C26B /* LaunchScreen.storyboard */,
				1A313C051F2888170083C26B /* Info.plist */,
			);
			path = JMSImageCliped;
			sourceTree = "<group>";
		};
		1A313C0D1F2888170083C26B /* JMSImageClipedTests */ = {
			isa = PBXGroup;
			children = (
				1A313C0E1F2888170083C26B /* JMSImageClipedTests.swift */,
				1A313C101F2888170083C26B /* Info.plist */,
			);
			path = JMSImageClipedTests;
			sourceTree = "<group>";
		};
		1A313C181F2888170083C26B /* JMSImageClipedUITests */ = {
			isa = PBXGroup;
			children = (
				1A313C191F2888170083C26B /* JMSImageClipedUITests.swift */,
				1A313C1B1F2888170083C26B /* Info.plist */,
			);
			path = JMSImageClipedUITests;
			sourceTree = "<group>";
		};
		1A313C271F2888360083C26B /* Lib */ = {
			isa = PBXGroup;
			children = (
				1A313C2D1F2888360083C26B /* UIImage+JMSImageCliped.swift */,
				1A313C2F1F2888360083C26B /* UIView+JMSImageCliped.swift */,
				1A313C2C1F2888360083C26B /* UIButton+JMSImageCliped.swift */,
				1A313C2E1F2888360083C26B /* JMSClipedImageView.swift */,
			);
			path = Lib;
			sourceTree = "<group>";
		};
		399BEB7FE1B4A8FADDB16115 /* Frameworks */ = {
			isa = PBXGroup;
			children = (
				3B8DFD09EE4D8B7EE0214F45 /* Pods_Shows_JMSImageCliped.framework */,
				B48C6935CE4907C535FEC8B6 /* Pods_Shows_JMSImageClipedTests.framework */,
				3FB3B98AA8DAE894B6AC3155 /* Pods_Shows_JMSImageClipedUITests.framework */,
			);
			name = Frameworks;
			sourceTree = "<group>";
		};
		B2A3B246D5EFA1A8F2BD7335 /* Pods */ = {
			isa = PBXGroup;
			children = (
				144598462C4584B9E038C075 /* Pods-Shows-JMSImageCliped.debug.xcconfig */,
				5EEB7A1116B4834455EA95A4 /* Pods-Shows-JMSImageCliped.release.xcconfig */,
				37D9ADDEECE2264E2C14715D /* Pods-Shows-JMSImageClipedTests.debug.xcconfig */,
				5B25BFC86B2EF1317009445C /* Pods-Shows-JMSImageClipedTests.release.xcconfig */,
				12649126E961062B7C5358FD /* Pods-Shows-JMSImageClipedUITests.debug.xcconfig */,
				7C0E86AD17BBF50D941A802D /* Pods-Shows-JMSImageClipedUITests.release.xcconfig */,
			);
			name = Pods;
			sourceTree = "<group>";
		};
/* End PBXGroup section */

/* Begin PBXNativeTarget section */
		1A313BF51F2888170083C26B /* JMSImageCliped */ = {
			isa = PBXNativeTarget;
			buildConfigurationList = 1A313C1E1F2888170083C26B /* Build configuration list for PBXNativeTarget "JMSImageCliped" */;
			buildPhases = (
				5586FB6BD2CD249F0591340C /* [CP] Check Pods Manifest.lock */,
				1A313BF21F2888170083C26B /* Sources */,
				1A313BF31F2888170083C26B /* Frameworks */,
				1A313BF41F2888170083C26B /* Resources */,
				EE09DFCB475799ED84754A1B /* [CP] Embed Pods Frameworks */,
				AC7B5DF30E4163ABAE6AFC5D /* [CP] Copy Pods Resources */,
			);
			buildRules = (
			);
			dependencies = (
			);
			name = JMSImageCliped;
			productName = JMSImageCliped;
			productReference = 1A313BF61F2888170083C26B /* JMSImageCliped.app */;
			productType = "com.apple.product-type.application";
		};
		1A313C091F2888170083C26B /* JMSImageClipedTests */ = {
			isa = PBXNativeTarget;
			buildConfigurationList = 1A313C211F2888170083C26B /* Build configuration list for PBXNativeTarget "JMSImageClipedTests" */;
			buildPhases = (
				77CBE6683F204668DFE0522D /* [CP] Check Pods Manifest.lock */,
				1A313C061F2888170083C26B /* Sources */,
				1A313C071F2888170083C26B /* Frameworks */,
				1A313C081F2888170083C26B /* Resources */,
				B385EBF7BB9FA8C257374425 /* [CP] Embed Pods Frameworks */,
				68F77A7BBA7A47ED3FAE294B /* [CP] Copy Pods Resources */,
			);
			buildRules = (
			);
			dependencies = (
				1A313C0C1F2888170083C26B /* PBXTargetDependency */,
			);
			name = JMSImageClipedTests;
			productName = JMSImageClipedTests;
			productReference = 1A313C0A1F2888170083C26B /* JMSImageClipedTests.xctest */;
			productType = "com.apple.product-type.bundle.unit-test";
		};
		1A313C141F2888170083C26B /* JMSImageClipedUITests */ = {
			isa = PBXNativeTarget;
			buildConfigurationList = 1A313C241F2888170083C26B /* Build configuration list for PBXNativeTarget "JMSImageClipedUITests" */;
			buildPhases = (
				B391B89CE9E9D94B1F6F1331 /* [CP] Check Pods Manifest.lock */,
				1A313C111F2888170083C26B /* Sources */,
				1A313C121F2888170083C26B /* Frameworks */,
				1A313C131F2888170083C26B /* Resources */,
				F955F28CE9B33016E313C3BE /* [CP] Embed Pods Frameworks */,
				5875BDBF0659AE465B2E8816 /* [CP] Copy Pods Resources */,
			);
			buildRules = (
			);
			dependencies = (
				1A313C171F2888170083C26B /* PBXTargetDependency */,
			);
			name = JMSImageClipedUITests;
			productName = JMSImageClipedUITests;
			productReference = 1A313C151F2888170083C26B /* JMSImageClipedUITests.xctest */;
			productType = "com.apple.product-type.bundle.ui-testing";
		};
/* End PBXNativeTarget section */

/* Begin PBXProject section */
		1A313BEE1F2888170083C26B /* Project object */ = {
			isa = PBXProject;
			attributes = {
				LastSwiftUpdateCheck = 0830;
				LastUpgradeCheck = 0830;
				ORGANIZATIONNAME = James.xiao;
				TargetAttributes = {
					1A313BF51F2888170083C26B = {
						CreatedOnToolsVersion = 8.3.3;
						DevelopmentTeam = 58SDKF7S9Q;
						ProvisioningStyle = Automatic;
					};
					1A313C091F2888170083C26B = {
						CreatedOnToolsVersion = 8.3.3;
						DevelopmentTeam = 58SDKF7S9Q;
						ProvisioningStyle = Automatic;
						TestTargetID = 1A313BF51F2888170083C26B;
					};
					1A313C141F2888170083C26B = {
						CreatedOnToolsVersion = 8.3.3;
						DevelopmentTeam = 58SDKF7S9Q;
						ProvisioningStyle = Automatic;
						TestTargetID = 1A313BF51F2888170083C26B;
					};
				};
			};
			buildConfigurationList = 1A313BF11F2888170083C26B /* Build configuration list for PBXProject "JMSImageCliped" */;
			compatibilityVersion = "Xcode 3.2";
			developmentRegion = English;
			hasScannedForEncodings = 0;
			knownRegions = (
				en,
				Base,
			);
			mainGroup = 1A313BED1F2888170083C26B;
			productRefGroup = 1A313BF71F2888170083C26B /* Products */;
			projectDirPath = "";
			projectRoot = "";
			targets = (
				1A313BF51F2888170083C26B /* JMSImageCliped */,
				1A313C091F2888170083C26B /* JMSImageClipedTests */,
				1A313C141F2888170083C26B /* JMSImageClipedUITests */,
			);
		};
/* End PBXProject section */

/* Begin PBXResourcesBuildPhase section */
		1A313BF41F2888170083C26B /* Resources */ = {
			isa = PBXResourcesBuildPhase;
			buildActionMask = 2147483647;
			files = (
				1A313C041F2888170083C26B /* LaunchScreen.storyboard in Resources */,
				1A313C011F2888170083C26B /* Assets.xcassets in Resources */,
				1A313BFF1F2888170083C26B /* Main.storyboard in Resources */,
			);
			runOnlyForDeploymentPostprocessing = 0;
		};
		1A313C081F2888170083C26B /* Resources */ = {
			isa = PBXResourcesBuildPhase;
			buildActionMask = 2147483647;
			files = (
			);
			runOnlyForDeploymentPostprocessing = 0;
		};
		1A313C131F2888170083C26B /* Resources */ = {
			isa = PBXResourcesBuildPhase;
			buildActionMask = 2147483647;
			files = (
			);
			runOnlyForDeploymentPostprocessing = 0;
		};
/* End PBXResourcesBuildPhase section */

/* Begin PBXShellScriptBuildPhase section */
		5586FB6BD2CD249F0591340C /* [CP] Check Pods Manifest.lock */ = {
			isa = PBXShellScriptBuildPhase;
			buildActionMask = 2147483647;
			files = (
			);
			inputPaths = (
				"${PODS_PODFILE_DIR_PATH}/Podfile.lock",
				"${PODS_ROOT}/Manifest.lock",
			);
			name = "[CP] Check Pods Manifest.lock";
			outputPaths = (
				"$(DERIVED_FILE_DIR)/Pods-Shows-JMSImageCliped-checkManifestLockResult.txt",
			);
			runOnlyForDeploymentPostprocessing = 0;
			shellPath = /bin/sh;
			shellScript = "diff \"${PODS_PODFILE_DIR_PATH}/Podfile.lock\" \"${PODS_ROOT}/Manifest.lock\" > /dev/null\nif [ $? != 0 ] ; then\n    # print error to STDERR\n    echo \"error: The sandbox is not in sync with the Podfile.lock. Run 'pod install' or update your CocoaPods installation.\" >&2\n    exit 1\nfi\n# This output is used by Xcode 'outputs' to avoid re-running this script phase.\necho \"SUCCESS\" > \"${SCRIPT_OUTPUT_FILE_0}\"\n";
			showEnvVarsInLog = 0;
		};
		5875BDBF0659AE465B2E8816 /* [CP] Copy Pods Resources */ = {
			isa = PBXShellScriptBuildPhase;
			buildActionMask = 2147483647;
			files = (
			);
			inputPaths = (
			);
			name = "[CP] Copy Pods Resources";
			outputPaths = (
			);
			runOnlyForDeploymentPostprocessing = 0;
			shellPath = /bin/sh;
			shellScript = "\"${SRCROOT}/Pods/Target Support Files/Pods-Shows-JMSImageClipedUITests/Pods-Shows-JMSImageClipedUITests-resources.sh\"\n";
			showEnvVarsInLog = 0;
		};
		68F77A7BBA7A47ED3FAE294B /* [CP] Copy Pods Resources */ = {
			isa = PBXShellScriptBuildPhase;
			buildActionMask = 2147483647;
			files = (
			);
			inputPaths = (
			);
			name = "[CP] Copy Pods Resources";
			outputPaths = (
			);
			runOnlyForDeploymentPostprocessing = 0;
			shellPath = /bin/sh;
			shellScript = "\"${SRCROOT}/Pods/Target Support Files/Pods-Shows-JMSImageClipedTests/Pods-Shows-JMSImageClipedTests-resources.sh\"\n";
			showEnvVarsInLog = 0;
		};
		77CBE6683F204668DFE0522D /* [CP] Check Pods Manifest.lock */ = {
			isa = PBXShellScriptBuildPhase;
			buildActionMask = 2147483647;
			files = (
			);
			inputPaths = (
				"${PODS_PODFILE_DIR_PATH}/Podfile.lock",
				"${PODS_ROOT}/Manifest.lock",
			);
			name = "[CP] Check Pods Manifest.lock";
			outputPaths = (
				"$(DERIVED_FILE_DIR)/Pods-Shows-JMSImageClipedTests-checkManifestLockResult.txt",
			);
			runOnlyForDeploymentPostprocessing = 0;
			shellPath = /bin/sh;
			shellScript = "diff \"${PODS_PODFILE_DIR_PATH}/Podfile.lock\" \"${PODS_ROOT}/Manifest.lock\" > /dev/null\nif [ $? != 0 ] ; then\n    # print error to STDERR\n    echo \"error: The sandbox is not in sync with the Podfile.lock. Run 'pod install' or update your CocoaPods installation.\" >&2\n    exit 1\nfi\n# This output is used by Xcode 'outputs' to avoid re-running this script phase.\necho \"SUCCESS\" > \"${SCRIPT_OUTPUT_FILE_0}\"\n";
			showEnvVarsInLog = 0;
		};
		AC7B5DF30E4163ABAE6AFC5D /* [CP] Copy Pods Resources */ = {
			isa = PBXShellScriptBuildPhase;
			buildActionMask = 2147483647;
			files = (
			);
			inputPaths = (
			);
			name = "[CP] Copy Pods Resources";
			outputPaths = (
			);
			runOnlyForDeploymentPostprocessing = 0;
			shellPath = /bin/sh;
			shellScript = "\"${SRCROOT}/Pods/Target Support Files/Pods-Shows-JMSImageCliped/Pods-Shows-JMSImageCliped-resources.sh\"\n";
			showEnvVarsInLog = 0;
		};
		B385EBF7BB9FA8C257374425 /* [CP] Embed Pods Frameworks */ = {
			isa = PBXShellScriptBuildPhase;
			buildActionMask = 2147483647;
			files = (
			);
			inputPaths = (
				"${SRCROOT}/Pods/Target Support Files/Pods-Shows-JMSImageClipedTests/Pods-Shows-JMSImageClipedTests-frameworks.sh",
				"${BUILT_PRODUCTS_DIR}/Kingfisher/Kingfisher.framework",
				"${BUILT_PRODUCTS_DIR}/SnapKit/SnapKit.framework",
			);
			name = "[CP] Embed Pods Frameworks";
			outputPaths = (
				"${TARGET_BUILD_DIR}/${FRAMEWORKS_FOLDER_PATH}/Kingfisher.framework",
				"${TARGET_BUILD_DIR}/${FRAMEWORKS_FOLDER_PATH}/SnapKit.framework",
			);
			runOnlyForDeploymentPostprocessing = 0;
			shellPath = /bin/sh;
			shellScript = "\"${SRCROOT}/Pods/Target Support Files/Pods-Shows-JMSImageClipedTests/Pods-Shows-JMSImageClipedTests-frameworks.sh\"\n";
			showEnvVarsInLog = 0;
		};
		B391B89CE9E9D94B1F6F1331 /* [CP] Check Pods Manifest.lock */ = {
			isa = PBXShellScriptBuildPhase;
			buildActionMask = 2147483647;
			files = (
			);
			inputPaths = (
				"${PODS_PODFILE_DIR_PATH}/Podfile.lock",
				"${PODS_ROOT}/Manifest.lock",
			);
			name = "[CP] Check Pods Manifest.lock";
			outputPaths = (
				"$(DERIVED_FILE_DIR)/Pods-Shows-JMSImageClipedUITests-checkManifestLockResult.txt",
			);
			runOnlyForDeploymentPostprocessing = 0;
			shellPath = /bin/sh;
			shellScript = "diff \"${PODS_PODFILE_DIR_PATH}/Podfile.lock\" \"${PODS_ROOT}/Manifest.lock\" > /dev/null\nif [ $? != 0 ] ; then\n    # print error to STDERR\n    echo \"error: The sandbox is not in sync with the Podfile.lock. Run 'pod install' or update your CocoaPods installation.\" >&2\n    exit 1\nfi\n# This output is used by Xcode 'outputs' to avoid re-running this script phase.\necho \"SUCCESS\" > \"${SCRIPT_OUTPUT_FILE_0}\"\n";
			showEnvVarsInLog = 0;
		};
		EE09DFCB475799ED84754A1B /* [CP] Embed Pods Frameworks */ = {
			isa = PBXShellScriptBuildPhase;
			buildActionMask = 2147483647;
			files = (
			);
			inputPaths = (
				"${SRCROOT}/Pods/Target Support Files/Pods-Shows-JMSImageCliped/Pods-Shows-JMSImageCliped-frameworks.sh",
				"${BUILT_PRODUCTS_DIR}/Kingfisher/Kingfisher.framework",
				"${BUILT_PRODUCTS_DIR}/SnapKit/SnapKit.framework",
			);
			name = "[CP] Embed Pods Frameworks";
			outputPaths = (
				"${TARGET_BUILD_DIR}/${FRAMEWORKS_FOLDER_PATH}/Kingfisher.framework",
				"${TARGET_BUILD_DIR}/${FRAMEWORKS_FOLDER_PATH}/SnapKit.framework",
			);
			runOnlyForDeploymentPostprocessing = 0;
			shellPath = /bin/sh;
			shellScript = "\"${SRCROOT}/Pods/Target Support Files/Pods-Shows-JMSImageCliped/Pods-Shows-JMSImageCliped-frameworks.sh\"\n";
			showEnvVarsInLog = 0;
		};
		F955F28CE9B33016E313C3BE /* [CP] Embed Pods Frameworks */ = {
			isa = PBXShellScriptBuildPhase;
			buildActionMask = 2147483647;
			files = (
			);
			inputPaths = (
				"${SRCROOT}/Pods/Target Support Files/Pods-Shows-JMSImageClipedUITests/Pods-Shows-JMSImageClipedUITests-frameworks.sh",
				"${BUILT_PRODUCTS_DIR}/Kingfisher/Kingfisher.framework",
				"${BUILT_PRODUCTS_DIR}/SnapKit/SnapKit.framework",
			);
			name = "[CP] Embed Pods Frameworks";
			outputPaths = (
				"${TARGET_BUILD_DIR}/${FRAMEWORKS_FOLDER_PATH}/Kingfisher.framework",
				"${TARGET_BUILD_DIR}/${FRAMEWORKS_FOLDER_PATH}/SnapKit.framework",
			);
			runOnlyForDeploymentPostprocessing = 0;
			shellPath = /bin/sh;
			shellScript = "\"${SRCROOT}/Pods/Target Support Files/Pods-Shows-JMSImageClipedUITests/Pods-Shows-JMSImageClipedUITests-frameworks.sh\"\n";
			showEnvVarsInLog = 0;
		};
/* End PBXShellScriptBuildPhase section */

/* Begin PBXSourcesBuildPhase section */
		1A313BF21F2888170083C26B /* Sources */ = {
			isa = PBXSourcesBuildPhase;
			buildActionMask = 2147483647;
			files = (
				1A313C371F2888360083C26B /* JMSClipedImageView.swift in Sources */,
				1A313C351F2888360083C26B /* UIButton+JMSImageCliped.swift in Sources */,
				1A313C361F2888360083C26B /* UIImage+JMSImageCliped.swift in Sources */,
				1A313BFC1F2888170083C26B /* ViewController.swift in Sources */,
				1A313C381F2888360083C26B /* UIView+JMSImageCliped.swift in Sources */,
				1A313BFA1F2888170083C26B /* AppDelegate.swift in Sources */,
			);
			runOnlyForDeploymentPostprocessing = 0;
		};
		1A313C061F2888170083C26B /* Sources */ = {
			isa = PBXSourcesBuildPhase;
			buildActionMask = 2147483647;
			files = (
				1A313C0F1F2888170083C26B /* JMSImageClipedTests.swift in Sources */,
			);
			runOnlyForDeploymentPostprocessing = 0;
		};
		1A313C111F2888170083C26B /* Sources */ = {
			isa = PBXSourcesBuildPhase;
			buildActionMask = 2147483647;
			files = (
				1A313C1A1F2888170083C26B /* JMSImageClipedUITests.swift in Sources */,
			);
			runOnlyForDeploymentPostprocessing = 0;
		};
/* End PBXSourcesBuildPhase section */

/* Begin PBXTargetDependency section */
		1A313C0C1F2888170083C26B /* PBXTargetDependency */ = {
			isa = PBXTargetDependency;
			target = 1A313BF51F2888170083C26B /* JMSImageCliped */;
			targetProxy = 1A313C0B1F2888170083C26B /* PBXContainerItemProxy */;
		};
		1A313C171F2888170083C26B /* PBXTargetDependency */ = {
			isa = PBXTargetDependency;
			target = 1A313BF51F2888170083C26B /* JMSImageCliped */;
			targetProxy = 1A313C161F2888170083C26B /* PBXContainerItemProxy */;
		};
/* End PBXTargetDependency section */

/* Begin PBXVariantGroup section */
		1A313BFD1F2888170083C26B /* Main.storyboard */ = {
			isa = PBXVariantGroup;
			children = (
				1A313BFE1F2888170083C26B /* Base */,
			);
			name = Main.storyboard;
			sourceTree = "<group>";
		};
		1A313C021F2888170083C26B /* LaunchScreen.storyboard */ = {
			isa = PBXVariantGroup;
			children = (
				1A313C031F2888170083C26B /* Base */,
			);
			name = LaunchScreen.storyboard;
			sourceTree = "<group>";
		};
/* End PBXVariantGroup section */

/* Begin XCBuildConfiguration section */
		1A313C1C1F2888170083C26B /* Debug */ = {
			isa = XCBuildConfiguration;
			buildSettings = {
				ALWAYS_SEARCH_USER_PATHS = NO;
				CLANG_ANALYZER_NONNULL = YES;
				CLANG_ANALYZER_NUMBER_OBJECT_CONVERSION = YES_AGGRESSIVE;
				CLANG_CXX_LANGUAGE_STANDARD = "gnu++0x";
				CLANG_CXX_LIBRARY = "libc++";
				CLANG_ENABLE_MODULES = YES;
				CLANG_ENABLE_OBJC_ARC = YES;
				CLANG_WARN_BOOL_CONVERSION = YES;
				CLANG_WARN_CONSTANT_CONVERSION = YES;
				CLANG_WARN_DIRECT_OBJC_ISA_USAGE = YES_ERROR;
				CLANG_WARN_DOCUMENTATION_COMMENTS = YES;
				CLANG_WARN_EMPTY_BODY = YES;
				CLANG_WARN_ENUM_CONVERSION = YES;
				CLANG_WARN_INFINITE_RECURSION = YES;
				CLANG_WARN_INT_CONVERSION = YES;
				CLANG_WARN_OBJC_ROOT_CLASS = YES_ERROR;
				CLANG_WARN_SUSPICIOUS_MOVE = YES;
				CLANG_WARN_UNREACHABLE_CODE = YES;
				CLANG_WARN__DUPLICATE_METHOD_MATCH = YES;
				"CODE_SIGN_IDENTITY[sdk=iphoneos*]" = "iPhone Developer";
				COPY_PHASE_STRIP = NO;
				DEBUG_INFORMATION_FORMAT = dwarf;
				ENABLE_STRICT_OBJC_MSGSEND = YES;
				ENABLE_TESTABILITY = YES;
				GCC_C_LANGUAGE_STANDARD = gnu99;
				GCC_DYNAMIC_NO_PIC = NO;
				GCC_NO_COMMON_BLOCKS = YES;
				GCC_OPTIMIZATION_LEVEL = 0;
				GCC_PREPROCESSOR_DEFINITIONS = (
					"DEBUG=1",
					"$(inherited)",
				);
				GCC_WARN_64_TO_32_BIT_CONVERSION = YES;
				GCC_WARN_ABOUT_RETURN_TYPE = YES_ERROR;
				GCC_WARN_UNDECLARED_SELECTOR = YES;
				GCC_WARN_UNINITIALIZED_AUTOS = YES_AGGRESSIVE;
				GCC_WARN_UNUSED_FUNCTION = YES;
				GCC_WARN_UNUSED_VARIABLE = YES;
				IPHONEOS_DEPLOYMENT_TARGET = 10.3;
				MTL_ENABLE_DEBUG_INFO = YES;
				ONLY_ACTIVE_ARCH = YES;
				SDKROOT = iphoneos;
				SWIFT_ACTIVE_COMPILATION_CONDITIONS = DEBUG;
				SWIFT_OPTIMIZATION_LEVEL = "-Onone";
				TARGETED_DEVICE_FAMILY = "1,2";
			};
			name = Debug;
		};
		1A313C1D1F2888170083C26B /* Release */ = {
			isa = XCBuildConfiguration;
			buildSettings = {
				ALWAYS_SEARCH_USER_PATHS = NO;
				CLANG_ANALYZER_NONNULL = YES;
				CLANG_ANALYZER_NUMBER_OBJECT_CONVERSION = YES_AGGRESSIVE;
				CLANG_CXX_LANGUAGE_STANDARD = "gnu++0x";
				CLANG_CXX_LIBRARY = "libc++";
				CLANG_ENABLE_MODULES = YES;
				CLANG_ENABLE_OBJC_ARC = YES;
				CLANG_WARN_BOOL_CONVERSION = YES;
				CLANG_WARN_CONSTANT_CONVERSION = YES;
				CLANG_WARN_DIRECT_OBJC_ISA_USAGE = YES_ERROR;
				CLANG_WARN_DOCUMENTATION_COMMENTS = YES;
				CLANG_WARN_EMPTY_BODY = YES;
				CLANG_WARN_ENUM_CONVERSION = YES;
				CLANG_WARN_INFINITE_RECURSION = YES;
				CLANG_WARN_INT_CONVERSION = YES;
				CLANG_WARN_OBJC_ROOT_CLASS = YES_ERROR;
				CLANG_WARN_SUSPICIOUS_MOVE = YES;
				CLANG_WARN_UNREACHABLE_CODE = YES;
				CLANG_WARN__DUPLICATE_METHOD_MATCH = YES;
				"CODE_SIGN_IDENTITY[sdk=iphoneos*]" = "iPhone Developer";
				COPY_PHASE_STRIP = NO;
				DEBUG_INFORMATION_FORMAT = "dwarf-with-dsym";
				ENABLE_NS_ASSERTIONS = NO;
				ENABLE_STRICT_OBJC_MSGSEND = YES;
				GCC_C_LANGUAGE_STANDARD = gnu99;
				GCC_NO_COMMON_BLOCKS = YES;
				GCC_WARN_64_TO_32_BIT_CONVERSION = YES;
				GCC_WARN_ABOUT_RETURN_TYPE = YES_ERROR;
				GCC_WARN_UNDECLARED_SELECTOR = YES;
				GCC_WARN_UNINITIALIZED_AUTOS = YES_AGGRESSIVE;
				GCC_WARN_UNUSED_FUNCTION = YES;
				GCC_WARN_UNUSED_VARIABLE = YES;
				IPHONEOS_DEPLOYMENT_TARGET = 10.3;
				MTL_ENABLE_DEBUG_INFO = NO;
				SDKROOT = iphoneos;
				SWIFT_OPTIMIZATION_LEVEL = "-Owholemodule";
				TARGETED_DEVICE_FAMILY = "1,2";
				VALIDATE_PRODUCT = YES;
			};
			name = Release;
		};
		1A313C1F1F2888170083C26B /* Debug */ = {
			isa = XCBuildConfiguration;
			baseConfigurationReference = 144598462C4584B9E038C075 /* Pods-Shows-JMSImageCliped.debug.xcconfig */;
			buildSettings = {
				ASSETCATALOG_COMPILER_APPICON_NAME = AppIcon;
				DEVELOPMENT_TEAM = 58SDKF7S9Q;
				INFOPLIST_FILE = JMSImageCliped/Info.plist;
				LD_RUNPATH_SEARCH_PATHS = "$(inherited) @executable_path/Frameworks";
				PRODUCT_BUNDLE_IDENTIFIER = com.hgy.test.JMSImageCliped;
				PRODUCT_NAME = "$(TARGET_NAME)";
				SWIFT_VERSION = 3.0;
			};
			name = Debug;
		};
		1A313C201F2888170083C26B /* Release */ = {
			isa = XCBuildConfiguration;
			baseConfigurationReference = 5EEB7A1116B4834455EA95A4 /* Pods-Shows-JMSImageCliped.release.xcconfig */;
			buildSettings = {
				ASSETCATALOG_COMPILER_APPICON_NAME = AppIcon;
				DEVELOPMENT_TEAM = 58SDKF7S9Q;
				INFOPLIST_FILE = JMSImageCliped/Info.plist;
				LD_RUNPATH_SEARCH_PATHS = "$(inherited) @executable_path/Frameworks";
				PRODUCT_BUNDLE_IDENTIFIER = com.hgy.test.JMSImageCliped;
				PRODUCT_NAME = "$(TARGET_NAME)";
				SWIFT_VERSION = 3.0;
			};
			name = Release;
		};
		1A313C221F2888170083C26B /* Debug */ = {
			isa = XCBuildConfiguration;
			baseConfigurationReference = 37D9ADDEECE2264E2C14715D /* Pods-Shows-JMSImageClipedTests.debug.xcconfig */;
			buildSettings = {
				ALWAYS_EMBED_SWIFT_STANDARD_LIBRARIES = YES;
				BUNDLE_LOADER = "$(TEST_HOST)";
				DEVELOPMENT_TEAM = 58SDKF7S9Q;
				INFOPLIST_FILE = JMSImageClipedTests/Info.plist;
				LD_RUNPATH_SEARCH_PATHS = "$(inherited) @executable_path/Frameworks @loader_path/Frameworks";
				PRODUCT_BUNDLE_IDENTIFIER = com.hgy.test.JMSImageClipedTests;
				PRODUCT_NAME = "$(TARGET_NAME)";
				SWIFT_VERSION = 3.0;
				TEST_HOST = "$(BUILT_PRODUCTS_DIR)/JMSImageCliped.app/JMSImageCliped";
			};
			name = Debug;
		};
		1A313C231F2888170083C26B /* Release */ = {
			isa = XCBuildConfiguration;
			baseConfigurationReference = 5B25BFC86B2EF1317009445C /* Pods-Shows-JMSImageClipedTests.release.xcconfig */;
			buildSettings = {
				ALWAYS_EMBED_SWIFT_STANDARD_LIBRARIES = YES;
				BUNDLE_LOADER = "$(TEST_HOST)";
				DEVELOPMENT_TEAM = 58SDKF7S9Q;
				INFOPLIST_FILE = JMSImageClipedTests/Info.plist;
				LD_RUNPATH_SEARCH_PATHS = "$(inherited) @executable_path/Frameworks @loader_path/Frameworks";
				PRODUCT_BUNDLE_IDENTIFIER = com.hgy.test.JMSImageClipedTests;
				PRODUCT_NAME = "$(TARGET_NAME)";
				SWIFT_VERSION = 3.0;
				TEST_HOST = "$(BUILT_PRODUCTS_DIR)/JMSImageCliped.app/JMSImageCliped";
			};
			name = Release;
		};
		1A313C251F2888170083C26B /* Debug */ = {
			isa = XCBuildConfiguration;
			baseConfigurationReference = 12649126E961062B7C5358FD /* Pods-Shows-JMSImageClipedUITests.debug.xcconfig */;
			buildSettings = {
				ALWAYS_EMBED_SWIFT_STANDARD_LIBRARIES = YES;
				DEVELOPMENT_TEAM = 58SDKF7S9Q;
				INFOPLIST_FILE = JMSImageClipedUITests/Info.plist;
				LD_RUNPATH_SEARCH_PATHS = "$(inherited) @executable_path/Frameworks @loader_path/Frameworks";
				PRODUCT_BUNDLE_IDENTIFIER = com.hgy.test.JMSImageClipedUITests;
				PRODUCT_NAME = "$(TARGET_NAME)";
				SWIFT_VERSION = 3.0;
				TEST_TARGET_NAME = JMSImageCliped;
			};
			name = Debug;
		};
		1A313C261F2888170083C26B /* Release */ = {
			isa = XCBuildConfiguration;
			baseConfigurationReference = 7C0E86AD17BBF50D941A802D /* Pods-Shows-JMSImageClipedUITests.release.xcconfig */;
			buildSettings = {
				ALWAYS_EMBED_SWIFT_STANDARD_LIBRARIES = YES;
				DEVELOPMENT_TEAM = 58SDKF7S9Q;
				INFOPLIST_FILE = JMSImageClipedUITests/Info.plist;
				LD_RUNPATH_SEARCH_PATHS = "$(inherited) @executable_path/Frameworks @loader_path/Frameworks";
				PRODUCT_BUNDLE_IDENTIFIER = com.hgy.test.JMSImageClipedUITests;
				PRODUCT_NAME = "$(TARGET_NAME)";
				SWIFT_VERSION = 3.0;
				TEST_TARGET_NAME = JMSImageCliped;
			};
			name = Release;
		};
/* End XCBuildConfiguration section */

/* Begin XCConfigurationList section */
		1A313BF11F2888170083C26B /* Build configuration list for PBXProject "JMSImageCliped" */ = {
			isa = XCConfigurationList;
			buildConfigurations = (
				1A313C1C1F2888170083C26B /* Debug */,
				1A313C1D1F2888170083C26B /* Release */,
			);
			defaultConfigurationIsVisible = 0;
			defaultConfigurationName = Release;
		};
		1A313C1E1F2888170083C26B /* Build configuration list for PBXNativeTarget "JMSImageCliped" */ = {
			isa = XCConfigurationList;
			buildConfigurations = (
				1A313C1F1F2888170083C26B /* Debug */,
				1A313C201F2888170083C26B /* Release */,
			);
			defaultConfigurationIsVisible = 0;
		};
		1A313C211F2888170083C26B /* Build configuration list for PBXNativeTarget "JMSImageClipedTests" */ = {
			isa = XCConfigurationList;
			buildConfigurations = (
				1A313C221F2888170083C26B /* Debug */,
				1A313C231F2888170083C26B /* Release */,
			);
			defaultConfigurationIsVisible = 0;
		};
		1A313C241F2888170083C26B /* Build configuration list for PBXNativeTarget "JMSImageClipedUITests" */ = {
			isa = XCConfigurationList;
			buildConfigurations = (
				1A313C251F2888170083C26B /* Debug */,
				1A313C261F2888170083C26B /* Release */,
			);
			defaultConfigurationIsVisible = 0;
		};
/* End XCConfigurationList section */
	};
	rootObject = 1A313BEE1F2888170083C26B /* Project object */;
}
